{
  "name": "aipick-mini-program",
  "lockfileVersion": 3,
  "requires": true,
  "packages": {
    "": {
      "dependencies": {
        "tim-wx-sdk": "^2.27.6"
      }
    },
    "node_modules/tim-wx-sdk": {
      "version": "2.27.6",
      "resolved": "https://registry.npmjs.org/tim-wx-sdk/-/tim-wx-sdk-2.27.6.tgz",
      "integrity": "sha512-zB+eRdmigdhEDeqrXC0bLJonUQZzS5uKNPLFtrje503WAnmuxVQjq/n4Zle4FYHG4FiKHKhsrVd0aCYXABlFEg==",
      "license": "ISC"
    }
  }
}
